// !$*UTF8*$!
{
	archiveVersion = 1;
	classes = {
	};
	objectVersion = 50;
	objects = {

/* Begin PBXBuildFile section */
		3D2838AA2218A49A00613C1D /* Model.swift in Sources */ = {isa = PBXBuildFile; fileRef = 3D2838A92218A49A00613C1D /* Model.swift */; };
		3D8B439D2217950800F5BA0E /* AppDelegate.swift in Sources */ = {isa = PBXBuildFile; fileRef = 3D8B439C2217950800F5BA0E /* AppDelegate.swift */; };
		3D8B439F2217950800F5BA0E /* ViewController.swift in Sources */ = {isa = PBXBuildFile; fileRef = 3D8B439E2217950800F5BA0E /* ViewController.swift */; };
		3D8B43A22217950800F5BA0E /* Main.storyboard in Resources */ = {isa = PBXBuildFile; fileRef = 3D8B43A02217950800F5BA0E /* Main.storyboard */; };
		3D8B43A42217950A00F5BA0E /* Assets.xcassets in Resources */ = {isa = PBXBuildFile; fileRef = 3D8B43A32217950A00F5BA0E /* Assets.xcassets */; };
		3D8B43A72217950A00F5BA0E /* LaunchScreen.storyboard in Resources */ = {isa = PBXBuildFile; fileRef = 3D8B43A52217950A00F5BA0E /* LaunchScreen.storyboard */; };
		3D8B43AF22179D8600F5BA0E /* CountryCell.swift in Sources */ = {isa = PBXBuildFile; fileRef = 3D8B43AE22179D8600F5BA0E /* CountryCell.swift */; };
/* End PBXBuildFile section */

/* Begin PBXFileReference section */
		3D2838A92218A49A00613C1D /* Model.swift */ = {isa = PBXFileReference; lastKnownFileType = sourcecode.swift; path = Model.swift; sourceTree = "<group>"; };
		3D8B43992217950800F5BA0E /* tableViewDisplayingJSON.app */ = {isa = PBXFileReference; explicitFileType = wrapper.application; includeInIndex = 0; path = tableViewDisplayingJSON.app; sourceTree = BUILT_PRODUCTS_DIR; };
		3D8B439C2217950800F5BA0E /* AppDelegate.swift */ = {isa = PBXFileReference; lastKnownFileType = sourcecode.swift; path = AppDelegate.swift; sourceTree = "<group>"; };
		3D8B439E2217950800F5BA0E /* ViewController.swift */ = {isa = PBXFileReference; lastKnownFileType = sourcecode.swift; path = ViewController.swift; sourceTree = "<group>"; };
		3D8B43A12217950800F5BA0E /* Base */ = {isa = PBXFileReference; lastKnownFileType = file.storyboard; name = Base; path = Base.lproj/Main.storyboard; sourceTree = "<group>"; };
		3D8B43A32217950A00F5BA0E /* Assets.xcassets */ = {isa = PBXFileReference; lastKnownFileType = folder.assetcatalog; path = Assets.xcassets; sourceTree = "<group>"; };
		3D8B43A62217950A00F5BA0E /* Base */ = {isa = PBXFileReference; lastKnownFileType = file.storyboard; name = Base; path = Base.lproj/LaunchScreen.storyboard; sourceTree = "<group>"; };
		3D8B43A82217950A00F5BA0E /* Info.plist */ = {isa = PBXFileReference; lastKnownFileType = text.plist.xml; path = Info.plist; sourceTree = "<group>"; };
		3D8B43AE22179D8600F5BA0E /* CountryCell.swift */ = {isa = PBXFileReference; lastKnownFileType = sourcecode.swift; path = CountryCell.swift; sourceTree = "<group>"; };
/* End PBXFileReference section */

/* Begin PBXFrameworksBuildPhase section */
		3D8B43962217950800F5BA0E /* Frameworks */ = {
			isa = PBXFrameworksBuildPhase;
			buildActionMask = 2147483647;
			files = (
			);
			runOnlyForDeploymentPostprocessing = 0;
		};
/* End PBXFrameworksBuildPhase section */

/* Begin PBXGroup section */
		3D2838AB2218A4A900613C1D /* Model */ = {
			isa = PBXGroup;
			children = (
				3D2838A92218A49A00613C1D /* Model.swift */,
			);
			path = Model;
			sourceTree = "<group>";
		};
		3D2838AC2218A4B100613C1D /* View */ = {
			isa = PBXGroup;
			children = (
				3D8B43AE22179D8600F5BA0E /* CountryCell.swift */,
			);
			path = View;
			sourceTree = "<group>";
		};
		3D2838AD2218A4B800613C1D /* Controller */ = {
			isa = PBXGroup;
			children = (
				3D8B439E2217950800F5BA0E /* ViewController.swift */,
			);
			path = Controller;
			sourceTree = "<group>";
		};
		3D8B43902217950800F5BA0E = {
			isa = PBXGroup;
			children = (
				3D8B439B2217950800F5BA0E /* tableViewDisplayingJSON */,
				3D8B439A2217950800F5BA0E /* Products */,
			);
			sourceTree = "<group>";
		};
		3D8B439A2217950800F5BA0E /* Products */ = {
			isa = PBXGroup;
			children = (
				3D8B43992217950800F5BA0E /* tableViewDisplayingJSON.app */,
			);
			name = Products;
			sourceTree = "<group>";
		};
		3D8B439B2217950800F5BA0E /* tableViewDisplayingJSON */ = {
			isa = PBXGroup;
			children = (
				3D2838AB2218A4A900613C1D /* Model */,
				3D2838AC2218A4B100613C1D /* View */,
				3D2838AD2218A4B800613C1D /* Controller */,
				3D8B439C2217950800F5BA0E /* AppDelegate.swift */,
				3D8B43A02217950800F5BA0E /* Main.storyboard */,
				3D8B43A32217950A00F5BA0E /* Assets.xcassets */,
				3D8B43A52217950A00F5BA0E /* LaunchScreen.storyboard */,
				3D8B43A82217950A00F5BA0E /* Info.plist */,
			);
			path = tableViewDisplayingJSON;
			sourceTree = "<group>";
		};
/* End PBXGroup section */

/* Begin PBXNativeTarget section */
		3D8B43982217950800F5BA0E /* tableViewDisplayingJSON */ = {
			isa = PBXNativeTarget;
			buildConfigurationList = 3D8B43AB2217950A00F5BA0E /* Build configuration list for PBXNativeTarget "tableViewDisplayingJSON" */;
			buildPhases = (
				3D8B43952217950800F5BA0E /* Sources */,
				3D8B43962217950800F5BA0E /* Frameworks */,
				3D8B43972217950800F5BA0E /* Resources */,
			);
			buildRules = (
			);
			dependencies = (
			);
			name = tableViewDisplayingJSON;
			productName = tableViewDisplayingJSON;
			productReference = 3D8B43992217950800F5BA0E /* tableViewDisplayingJSON.app */;
			productType = "com.apple.product-type.application";
		};
/* End PBXNativeTarget section */

/* Begin PBXProject section */
		3D8B43912217950800F5BA0E /* Project object */ = {
			isa = PBXProject;
			attributes = {
				LastSwiftUpdateCheck = 1010;
				LastUpgradeCheck = 1010;
				ORGANIZATIONNAME = "West Kraemer";
				TargetAttributes = {
					3D8B43982217950800F5BA0E = {
						CreatedOnToolsVersion = 10.1;
					};
				};
			};
			buildConfigurationList = 3D8B43942217950800F5BA0E /* Build configuration list for PBXProject "tableViewDisplayingJSON" */;
			compatibilityVersion = "Xcode 9.3";
			developmentRegion = en;
			hasScannedForEncodings = 0;
			knownRegions = (
				en,
				Base,
			);
			mainGroup = 3D8B43902217950800F5BA0E;
			productRefGroup = 3D8B439A2217950800F5BA0E /* Products */;
			projectDirPath = "";
			projectRoot = "";
			targets = (
				3D8B43982217950800F5BA0E /* tableViewDisplayingJSON */,
			);
		};
/* End PBXProject section */

/* Begin PBXResourcesBuildPhase section */
		3D8B43972217950800F5BA0E /* Resources */ = {
			isa = PBXResourcesBuildPhase;
			buildActionMask = 2147483647;
			files = (
				3D8B43A72217950A00F5BA0E /* LaunchScreen.storyboard in Resources */,
				3D8B43A42217950A00F5BA0E /* Assets.xcassets in Resources */,
				3D8B43A22217950800F5BA0E /* Main.storyboard in Resources */,
			);
			runOnlyForDeploymentPostprocessing = 0;
		};
/* End PBXResourcesBuildPhase section */

/* Begin PBXSourcesBuildPhase section */
		3D8B43952217950800F5BA0E /* Sources */ = {
			isa = PBXSourcesBuildPhase;
			buildActionMask = 2147483647;
			files = (
				3D8B439F2217950800F5BA0E /* ViewController.swift in Sources */,
				3D8B439D2217950800F5BA0E /* AppDelegate.swift in Sources */,
				3D8B43AF22179D8600F5BA0E /* CountryCell.swift in Sources */,
				3D2838AA2218A49A00613C1D /* Model.swift in Sources */,
			);
			runOnlyForDeploymentPostprocessing = 0;
		};
/* End PBXSourcesBuildPhase section */

/* Begin PBXVariantGroup section */
		3D8B43A02217950800F5BA0E /* Main.storyboard */ = {
			isa = PBXVariantGroup;
			children = (
				3D8B43A12217950800F5BA0E /* Base */,
			);
			name = Main.storyboard;
			sourceTree = "<group>";
		};
		3D8B43A52217950A00F5BA0E /* LaunchScreen.storyboard */ = {
			isa = PBXVariantGroup;
			children = (
				3D8B43A62217950A00F5BA0E /* Base */,
			);
			name = LaunchScreen.storyboard;
			sourceTree = "<group>";
		};
/* End PBXVariantGroup section */

/* Begin XCBuildConfiguration section */
		3D8B43A92217950A00F5BA0E /* Debug */ = {
			isa = XCBuildConfiguration;
			buildSettings = {
				ALWAYS_SEARCH_USER_PATHS = NO;
				CLANG_ANALYZER_NONNULL = YES;
				CLANG_ANALYZER_NUMBER_OBJECT_CONVERSION = YES_AGGRESSIVE;
				CLANG_CXX_LANGUAGE_STANDARD = "gnu++14";
				CLANG_CXX_LIBRARY = "libc++";
				CLANG_ENABLE_MODULES = YES;
				CLANG_ENABLE_OBJC_ARC = YES;
				CLANG_ENABLE_OBJC_WEAK = YES;
				CLANG_WARN_BLOCK_CAPTURE_AUTORELEASING = YES;
				CLANG_WARN_BOOL_CONVERSION = YES;
				CLANG_WARN_COMMA = YES;
				CLANG_WARN_CONSTANT_CONVERSION = YES;
				CLANG_WARN_DEPRECATED_OBJC_IMPLEMENTATIONS = YES;
				CLANG_WARN_DIRECT_OBJC_ISA_USAGE = YES_ERROR;
				CLANG_WARN_DOCUMENTATION_COMMENTS = YES;
				CLANG_WARN_EMPTY_BODY = YES;
				CLANG_WARN_ENUM_CONVERSION = YES;
				CLANG_WARN_INFINITE_RECURSION = YES;
				CLANG_WARN_INT_CONVERSION = YES;
				CLANG_WARN_NON_LITERAL_NULL_CONVERSION = YES;
				CLANG_WARN_OBJC_IMPLICIT_RETAIN_SELF = YES;
				CLANG_WARN_OBJC_LITERAL_CONVERSION = YES;
				CLANG_WARN_OBJC_ROOT_CLASS = YES_ERROR;
				CLANG_WARN_RANGE_LOOP_ANALYSIS = YES;
				CLANG_WARN_STRICT_PROTOTYPES = YES;
				CLANG_WARN_SUSPICIOUS_MOVE = YES;
				CLANG_WARN_UNGUARDED_AVAILABILITY = YES_AGGRESSIVE;
				CLANG_WARN_UNREACHABLE_CODE = YES;
				CLANG_WARN__DUPLICATE_METHOD_MATCH = YES;
				CODE_SIGN_IDENTITY = "iPhone Developer";
				COPY_PHASE_STRIP = NO;
				DEBUG_INFORMATION_FORMAT = dwarf;
				ENABLE_STRICT_OBJC_MSGSEND = YES;
				ENABLE_TESTABILITY = YES;
				GCC_C_LANGUAGE_STANDARD = gnu11;
				GCC_DYNAMIC_NO_PIC = NO;
				GCC_NO_COMMON_BLOCKS = YES;
				GCC_OPTIMIZATION_LEVEL = 0;
				GCC_PREPROCESSOR_DEFINITIONS = (
					"DEBUG=1",
					"$(inherited)",
				);
				GCC_WARN_64_TO_32_BIT_CONVERSION = YES;
				GCC_WARN_ABOUT_RETURN_TYPE = YES_ERROR;
				GCC_WARN_UNDECLARED_SELECTOR = YES;
				GCC_WARN_UNINITIALIZED_AUTOS = YES_AGGRESSIVE;
				GCC_WARN_UNUSED_FUNCTION = YES;
				GCC_WARN_UNUSED_VARIABLE = YES;
				IPHONEOS_DEPLOYMENT_TARGET = 12.1;
				MTL_ENABLE_DEBUG_INFO = INCLUDE_SOURCE;
				MTL_FAST_MATH = YES;
				ONLY_ACTIVE_ARCH = YES;
				SDKROOT = iphoneos;
				SWIFT_ACTIVE_COMPILATION_CONDITIONS = DEBUG;
				SWIFT_OPTIMIZATION_LEVEL = "-Onone";
			};
			name = Debug;
		};
		3D8B43AA2217950A00F5BA0E /* Release */ = {
			isa = XCBuildConfiguration;
			buildSettings = {
				ALWAYS_SEARCH_USER_PATHS = NO;
				CLANG_ANALYZER_NONNULL = YES;
				CLANG_ANALYZER_NUMBER_OBJECT_CONVERSION = YES_AGGRESSIVE;
				CLANG_CXX_LANGUAGE_STANDARD = "gnu++14";
				CLANG_CXX_LIBRARY = "libc++";
				CLANG_ENABLE_MODULES = YES;
				CLANG_ENABLE_OBJC_ARC = YES;
				CLANG_ENABLE_OBJC_WEAK = YES;
				CLANG_WARN_BLOCK_CAPTURE_AUTORELEASING = YES;
				CLANG_WARN_BOOL_CONVERSION = YES;
				CLANG_WARN_COMMA = YES;
				CLANG_WARN_CONSTANT_CONVERSION = YES;
				CLANG_WARN_DEPRECATED_OBJC_IMPLEMENTATIONS = YES;
				CLANG_WARN_DIRECT_OBJC_ISA_USAGE = YES_ERROR;
				CLANG_WARN_DOCUMENTATION_COMMENTS = YES;
				CLANG_WARN_EMPTY_BODY = YES;
				CLANG_WARN_ENUM_CONVERSION = YES;
				CLANG_WARN_INFINITE_RECURSION = YES;
				CLANG_WARN_INT_CONVERSION = YES;
				CLANG_WARN_NON_LITERAL_NULL_CONVERSION = YES;
				CLANG_WARN_OBJC_IMPLICIT_RETAIN_SELF = YES;
				CLANG_WARN_OBJC_LITERAL_CONVERSION = YES;
				CLANG_WARN_OBJC_ROOT_CLASS = YES_ERROR;
				CLANG_WARN_RANGE_LOOP_ANALYSIS = YES;
				CLANG_WARN_STRICT_PROTOTYPES = YES;
				CLANG_WARN_SUSPICIOUS_MOVE = YES;
				CLANG_WARN_UNGUARDED_AVAILABILITY = YES_AGGRESSIVE;
				CLANG_WARN_UNREACHABLE_CODE = YES;
				CLANG_WARN__DUPLICATE_METHOD_MATCH = YES;
				CODE_SIGN_IDENTITY = "iPhone Developer";
				COPY_PHASE_STRIP = NO;
				DEBUG_INFORMATION_FORMAT = "dwarf-with-dsym";
				ENABLE_NS_ASSERTIONS = NO;
				ENABLE_STRICT_OBJC_MSGSEND = YES;
				GCC_C_LANGUAGE_STANDARD = gnu11;
				GCC_NO_COMMON_BLOCKS = YES;
				GCC_WARN_64_TO_32_BIT_CONVERSION = YES;
				GCC_WARN_ABOUT_RETURN_TYPE = YES_ERROR;
				GCC_WARN_UNDECLARED_SELECTOR = YES;
				GCC_WARN_UNINITIALIZED_AUTOS = YES_AGGRESSIVE;
				GCC_WARN_UNUSED_FUNCTION = YES;
				GCC_WARN_UNUSED_VARIABLE = YES;
				IPHONEOS_DEPLOYMENT_TARGET = 12.1;
				MTL_ENABLE_DEBUG_INFO = NO;
				MTL_FAST_MATH = YES;
				SDKROOT = iphoneos;
				SWIFT_COMPILATION_MODE = wholemodule;
				SWIFT_OPTIMIZATION_LEVEL = "-O";
				VALIDATE_PRODUCT = YES;
			};
			name = Release;
		};
		3D8B43AC2217950A00F5BA0E /* Debug */ = {
			isa = XCBuildConfiguration;
			buildSettings = {
				ASSETCATALOG_COMPILER_APPICON_NAME = AppIcon;
				CODE_SIGN_STYLE = Automatic;
				DEVELOPMENT_TEAM = 7LN94YUJ88;
				INFOPLIST_FILE = tableViewDisplayingJSON/Info.plist;
				LD_RUNPATH_SEARCH_PATHS = (
					"$(inherited)",
					"@executable_path/Frameworks",
				);
				PRODUCT_BUNDLE_IDENTIFIER = west.tableViewDisplayingJSON;
				PRODUCT_NAME = "$(TARGET_NAME)";
				SWIFT_VERSION = 4.2;
				TARGETED_DEVICE_FAMILY = "1,2";
			};
			name = Debug;
		};
		3D8B43AD2217950A00F5BA0E /* Release */ = {
			isa = XCBuildConfiguration;
			buildSettings = {
				ASSETCATALOG_COMPILER_APPICON_NAME = AppIcon;
				CODE_SIGN_STYLE = Automatic;
				DEVELOPMENT_TEAM = 7LN94YUJ88;
				INFOPLIST_FILE = tableViewDisplayingJSON/Info.plist;
				LD_RUNPATH_SEARCH_PATHS = (
					"$(inherited)",
					"@executable_path/Frameworks",
				);
				PRODUCT_BUNDLE_IDENTIFIER = west.tableViewDisplayingJSON;
				PRODUCT_NAME = "$(TARGET_NAME)";
				SWIFT_VERSION = 4.2;
				TARGETED_DEVICE_FAMILY = "1,2";
			};
			name = Release;
		};
/* End XCBuildConfiguration section */

/* Begin XCConfigurationList section */
		3D8B43942217950800F5BA0E /* Build configuration list for PBXProject "tableViewDisplayingJSON" */ = {
			isa = XCConfigurationList;
			buildConfigurations = (
				3D8B43A92217950A00F5BA0E /* Debug */,
				3D8B43AA2217950A00F5BA0E /* Release */,
			);
			defaultConfigurationIsVisible = 0;
			defaultConfigurationName = Release;
		};
		3D8B43AB2217950A00F5BA0E /* Build configuration list for PBXNativeTarget "tableViewDisplayingJSON" */ = {
			isa = XCConfigurationList;
			buildConfigurations = (
				3D8B43AC2217950A00F5BA0E /* Debug */,
				3D8B43AD2217950A00F5BA0E /* Release */,
			);
			defaultConfigurationIsVisible = 0;
			defaultConfigurationName = Release;
		};
/* End XCConfigurationList section */
	};
	rootObject = 3D8B43912217950800F5BA0E /* Project object */;
}
